
Microsoft Visual Studio Solution File, Format Version 12.00
# Visual Studio Version 16
VisualStudioVersion = 16.0.28803.352
MinimumVisualStudioVersion = 10.0.40219.1
Project("{FAE04EC0-301F-11D3-BF4B-00C04F79EFBC}") = "Chicken", "Chicken\Chicken.csproj", "{091127B4-00C8-4CFB-ADD7-D21235EA78D0}"
EndProject
Global
	GlobalSection(SolutionConfigurationPlatforms) = preSolution
		Debug|Any CPU = Debug|Any CPU
		Release|Any CPU = Release|Any CPU
	EndGlobalSection
	GlobalSection(ProjectConfigurationPlatforms) = postSolution
		{091127B4-00C8-4CFB-ADD7-D21235EA78D0}.Debug|Any CPU.ActiveCfg = Debug|Any CPU
		{091127B4-00C8-4CFB-ADD7-D21235EA78D0}.Debug|Any CPU.Build.0 = Debug|Any CPU
		{091127B4-00C8-4CFB-ADD7-D21235EA78D0}.Release|Any CPU.ActiveCfg = Release|Any CPU
		{091127B4-00C8-4CFB-ADD7-D21235EA78D0}.Release|Any CPU.Build.0 = Release|Any CPU
	EndGlobalSection
	GlobalSection(SolutionProperties) = preSolution
		HideSolutionNode = FALSE
	EndGlobalSection
	GlobalSection(ExtensibilityGlobals) = postSolution
		SolutionGuid = {36E4C31F-F35A-41BB-BBF9-1AB0D4E11C98}
	EndGlobalSection
EndGlobal
